
Microsoft Visual Studio Solution File, Format Version 12.00
# Visual Studio Version 16
VisualStudioVersion = 16.0.29411.108
MinimumVisualStudioVersion = 10.0.40219.1
Project("{FAE04EC0-301F-11D3-BF4B-00C04F79EFBC}") = "Server", "Server.csproj", "{FB60A5CB-18AD-423A-A3B9-6BC3D76E7823}"
EndProject
Global
	GlobalSection(SolutionConfigurationPlatforms) = preSolution
		Debug|Any CPU = Debug|Any CPU
		Release|Any CPU = Release|Any CPU
	EndGlobalSection
	GlobalSection(ProjectConfigurationPlatforms) = postSolution
		{FB60A5CB-18AD-423A-A3B9-6BC3D76E7823}.Debug|Any CPU.ActiveCfg = Debug|Any CPU
		{FB60A5CB-18AD-423A-A3B9-6BC3D76E7823}.Debug|Any CPU.Build.0 = Debug|Any CPU
		{FB60A5CB-18AD-423A-A3B9-6BC3D76E7823}.Release|Any CPU.ActiveCfg = Release|Any CPU
		{FB60A5CB-18AD-423A-A3B9-6BC3D76E7823}.Release|Any CPU.Build.0 = Release|Any CPU
	EndGlobalSection
	GlobalSection(SolutionProperties) = preSolution
		HideSolutionNode = FALSE
	EndGlobalSection
	GlobalSection(ExtensibilityGlobals) = postSolution
		SolutionGuid = {F79E4FAA-D172-4DC3-8B55-A76030AC091D}
	EndGlobalSection
EndGlobal
