
Microsoft Visual Studio Solution File, Format Version 12.00
# Visual Studio Version 16
VisualStudioVersion = 16.0.29411.108
MinimumVisualStudioVersion = 10.0.40219.1
Project("{FAE04EC0-301F-11D3-BF4B-00C04F79EFBC}") = "Klient", "Klient.csproj", "{54357A5A-E300-4958-B719-B5C47F9128FB}"
EndProject
Global
	GlobalSection(SolutionConfigurationPlatforms) = preSolution
		Debug|Any CPU = Debug|Any CPU
		Release|Any CPU = Release|Any CPU
	EndGlobalSection
	GlobalSection(ProjectConfigurationPlatforms) = postSolution
		{54357A5A-E300-4958-B719-B5C47F9128FB}.Debug|Any CPU.ActiveCfg = Debug|Any CPU
		{54357A5A-E300-4958-B719-B5C47F9128FB}.Debug|Any CPU.Build.0 = Debug|Any CPU
		{54357A5A-E300-4958-B719-B5C47F9128FB}.Release|Any CPU.ActiveCfg = Release|Any CPU
		{54357A5A-E300-4958-B719-B5C47F9128FB}.Release|Any CPU.Build.0 = Release|Any CPU
	EndGlobalSection
	GlobalSection(SolutionProperties) = preSolution
		HideSolutionNode = FALSE
	EndGlobalSection
	GlobalSection(ExtensibilityGlobals) = postSolution
		SolutionGuid = {CD152933-59A1-47F1-A9CC-9FEB3ADE7CD3}
	EndGlobalSection
EndGlobal
